
Microsoft Visual Studio Solution File, Format Version 12.00
# Visual Studio Version 17
VisualStudioVersion = 17.7.34024.191
MinimumVisualStudioVersion = 10.0.40219.1
Project("{FAE04EC0-301F-11D3-BF4B-00C04F79EFBC}") = "Lab1.0", "Lab1.0\Lab1.0.csproj", "{C024832B-68A1-46A4-80A1-062DC6C8B035}"
EndProject
Global
	GlobalSection(SolutionConfigurationPlatforms) = preSolution
		Debug|Any CPU = Debug|Any CPU
		Release|Any CPU = Release|Any CPU
	EndGlobalSection
	GlobalSection(ProjectConfigurationPlatforms) = postSolution
		{C024832B-68A1-46A4-80A1-062DC6C8B035}.Debug|Any CPU.ActiveCfg = Debug|Any CPU
		{C024832B-68A1-46A4-80A1-062DC6C8B035}.Debug|Any CPU.Build.0 = Debug|Any CPU
		{C024832B-68A1-46A4-80A1-062DC6C8B035}.Release|Any CPU.ActiveCfg = Release|Any CPU
		{C024832B-68A1-46A4-80A1-062DC6C8B035}.Release|Any CPU.Build.0 = Release|Any CPU
	EndGlobalSection
	GlobalSection(SolutionProperties) = preSolution
		HideSolutionNode = FALSE
	EndGlobalSection
	GlobalSection(ExtensibilityGlobals) = postSolution
		SolutionGuid = {F261D1AA-3BF4-4E8E-955C-5FAE80A59186}
	EndGlobalSection
EndGlobal
